PODS:
  - AFNetworking (3.1.0):
    - AFNetworking/NSURLSession (= 3.1.0)
    - AFNetworking/Reachability (= 3.1.0)
    - AFNetworking/Security (= 3.1.0)
    - AFNetworking/Serialization (= 3.1.0)
    - AFNetworking/UIKit (= 3.1.0)
  - AFNetworking/NSURLSession (3.1.0):
    - AFNetworking/Reachability
    - AFNetworking/Security
    - AFNetworking/Serialization
  - AFNetworking/Reachability (3.1.0)
  - AFNetworking/Security (3.1.0)
  - AFNetworking/Serialization (3.1.0)
  - AFNetworking/UIKit (3.1.0):
    - AFNetworking/NSURLSession
  - IDnowSDK (3.11.0):
    - AFNetworking (~> 3.1.0)
    - libPhoneNumber-iOS (~> 0.9)
    - Masonry (~> 1.1.0)
    - SocketRocket (~> 0.5.1)
  - libPhoneNumber-iOS (0.9.13)
  - Masonry (1.1.0)
  - SocketRocket (0.5.1)

DEPENDENCIES:
  - AFNetworking (~> 3.1.0)
  - IDnowSDK (= 3.11.0)

SPEC REPOS:
  https://github.com/cocoapods/specs.git:
    - AFNetworking
    - IDnowSDK
    - libPhoneNumber-iOS
    - Masonry
    - SocketRocket

SPEC CHECKSUMS:
  AFNetworking: 5e0e199f73d8626b11e79750991f5d173d1f8b67
  IDnowSDK: ebb6d369979f437c7049d40aebaf4eb1dadbed7e
  libPhoneNumber-iOS: e444379ac18bbfbdefad571da735b2cd7e096caa
  Masonry: 678fab65091a9290e40e2832a55e7ab731aad201
  SocketRocket: d57c7159b83c3c6655745cd15302aa24b6bae531

PODFILE CHECKSUM: 46f8f65b170ed193d95fd6bf0cec72a00d0461eb

COCOAPODS: 1.5.3
